<?xml version="1.0" encoding="utf-8"?>
<Project ToolsVersion="4.0" xmlns="http://schemas.microsoft.com/developer/msbuild/2003">
  <ItemGroup>
    <ClCompile Include="linear.cpp">
      <Filter>源代码</Filter>
    </ClCompile>
    <ClCompile Include="main.cpp">
      <Filter>源代码</Filter>
    </ClCompile>
    <ClCompile Include="perlin.cpp">
      <Filter>源代码</Filter>
    </ClCompile>
    <ClCompile Include="terrain.cpp">
      <Filter>源代码</Filter>
    </ClCompile>
    <ClCompile Include="triangle_array.cpp">
      <Filter>源代码</Filter>
    </ClCompile>
    <ClCompile Include="water.cpp">
      <Filter>源代码</Filter>
    </ClCompile>
    <ClCompile Include="blob.cpp">
      <Filter>源代码</Filter>
    </ClCompile>
    <ClCompile Include="cloud.cpp">
      <Filter>源代码</Filter>
    </ClCompile>
    <ClCompile Include="ice.cpp">
      <Filter>源代码</Filter>
    </ClCompile>
    <ClCompile Include="l_system.cpp">
      <Filter>源代码</Filter>
    </ClCompile>
    <ClCompile Include="snow.cpp" />
  </ItemGroup>
  <ItemGroup>
    <ClInclude Include="linear.hpp">
      <Filter>头文件</Filter>
    </ClInclude>
    <ClInclude Include="object.hpp">
      <Filter>头文件</Filter>
    </ClInclude>
    <ClInclude Include="perlin.hpp">
      <Filter>头文件</Filter>
    </ClInclude>
    <ClInclude Include="triangle_array.hpp">
      <Filter>头文件</Filter>
    </ClInclude>
    <ClInclude Include="terrain.hpp">
      <Filter>头文件</Filter>
    </ClInclude>
    <ClInclude Include="water.hpp">
      <Filter>头文件</Filter>
    </ClInclude>
    <ClInclude Include="blob.hpp">
      <Filter>头文件</Filter>
    </ClInclude>
    <ClInclude Include="cloud.hpp">
      <Filter>头文件</Filter>
    </ClInclude>
    <ClInclude Include="ice.hpp">
      <Filter>头文件</Filter>
    </ClInclude>
    <ClInclude Include="l_system.hpp">
      <Filter>头文件</Filter>
    </ClInclude>
    <ClInclude Include="fern.hpp">
      <Filter>头文件</Filter>
    </ClInclude>
    <ClInclude Include="tree.hpp">
      <Filter>头文件</Filter>
    </ClInclude>
    <ClInclude Include="red_tree.hpp">
      <Filter>头文件</Filter>
    </ClInclude>
    <ClInclude Include="snow.hpp">
      <Filter>头文件</Filter>
    </ClInclude>
  </ItemGroup>
  <ItemGroup>
    <Filter Include="源代码">
      <UniqueIdentifier>{d1b4714a-d7a2-4760-9ae4-8649fd4a0382}</UniqueIdentifier>
    </Filter>
    <Filter Include="头文件">
      <UniqueIdentifier>{c210eab7-675c-4c8e-88fc-f7b4e0203b04}</UniqueIdentifier>
    </Filter>
  </ItemGroup>
</Project>